
Microsoft Visual Studio Solution File, Format Version 12.00
# Visual Studio Version 17
VisualStudioVersion = 17.3.32811.315
MinimumVisualStudioVersion = 10.0.40219.1
Project("{FAE04EC0-301F-11D3-BF4B-00C04F79EFBC}") = "NumberGuessingGame", "NumberGuessingGame\NumberGuessingGame.csproj", "{FEB5CC5C-C082-4BCD-8358-270AA2D91D86}"
EndProject
Global
	GlobalSection(SolutionConfigurationPlatforms) = preSolution
		Debug|Any CPU = Debug|Any CPU
		Release|Any CPU = Release|Any CPU
	EndGlobalSection
	GlobalSection(ProjectConfigurationPlatforms) = postSolution
		{FEB5CC5C-C082-4BCD-8358-270AA2D91D86}.Debug|Any CPU.ActiveCfg = Debug|Any CPU
		{FEB5CC5C-C082-4BCD-8358-270AA2D91D86}.Debug|Any CPU.Build.0 = Debug|Any CPU
		{FEB5CC5C-C082-4BCD-8358-270AA2D91D86}.Release|Any CPU.ActiveCfg = Release|Any CPU
		{FEB5CC5C-C082-4BCD-8358-270AA2D91D86}.Release|Any CPU.Build.0 = Release|Any CPU
	EndGlobalSection
	GlobalSection(SolutionProperties) = preSolution
		HideSolutionNode = FALSE
	EndGlobalSection
	GlobalSection(ExtensibilityGlobals) = postSolution
		SolutionGuid = {F894AC69-7373-42AE-AB50-8FB9488F934F}
	EndGlobalSection
EndGlobal
