
Microsoft Visual Studio Solution File, Format Version 12.00
# Visual Studio Version 17
VisualStudioVersion = 17.3.32811.315
MinimumVisualStudioVersion = 10.0.40219.1
Project("{FAE04EC0-301F-11D3-BF4B-00C04F79EFBC}") = "PigLatin", "PigLatin\PigLatin.csproj", "{4ECCE2AA-FA6C-413A-8C80-FB3B72554A93}"
EndProject
Global
	GlobalSection(SolutionConfigurationPlatforms) = preSolution
		Debug|Any CPU = Debug|Any CPU
		Release|Any CPU = Release|Any CPU
	EndGlobalSection
	GlobalSection(ProjectConfigurationPlatforms) = postSolution
		{4ECCE2AA-FA6C-413A-8C80-FB3B72554A93}.Debug|Any CPU.ActiveCfg = Debug|Any CPU
		{4ECCE2AA-FA6C-413A-8C80-FB3B72554A93}.Debug|Any CPU.Build.0 = Debug|Any CPU
		{4ECCE2AA-FA6C-413A-8C80-FB3B72554A93}.Release|Any CPU.ActiveCfg = Release|Any CPU
		{4ECCE2AA-FA6C-413A-8C80-FB3B72554A93}.Release|Any CPU.Build.0 = Release|Any CPU
	EndGlobalSection
	GlobalSection(SolutionProperties) = preSolution
		HideSolutionNode = FALSE
	EndGlobalSection
	GlobalSection(ExtensibilityGlobals) = postSolution
		SolutionGuid = {9A37A644-9E53-4B69-A45A-209DC40218EF}
	EndGlobalSection
EndGlobal
